<?xml version="1.0" encoding="UTF-8" standalone="yes" ?>
<CodeBlocks_project_file>
	<FileVersion major="1" minor="6" />
	<Project>
		<Option title="sm64-san-andreas" />
		<Option pch_mode="2" />
		<Option compiler="gcc" />
		<Build>
			<Target title="GTASA Debug">
				<Option output='&quot;$(GTA_SA_DIR)&quot;/scripts/sm64_san_andreas.SA_d.asi' prefix_auto="0" extension_auto="0" />
				<Option object_output=".obj/Debug" />
				<Option type="3" />
				<Option compiler="gcc" />
				<Compiler>
					<Add option="-std=gnu++17" />
					<Add option="-m32" />
					<Add option="-fpermissive" />
					<Add option="-g3" />
					<Add option="-D_DEBUG" />
					<Add option="-DGTASA" />
					<Add option='-DGTAGAME_NAME=&quot;\&quot;San Andreas&quot;\&quot;' />
					<Add option='-DGTAGAME_ABBR=&quot;\&quot;SA&quot;\&quot;' />
					<Add option='-DGTAGAME_ABBRLOW=&quot;\&quot;sa&quot;\&quot;' />
					<Add option='-DGTAGAME_PROTAGONISTNAME=&quot;\&quot;CJ&quot;\&quot;' />
					<Add option='-DGTAGAME_CITYNAME=&quot;\&quot;San Andreas&quot;\&quot;' />
					<Add option="-D_DX9_SDK_INSTALLED" />
					<Add option="-DPLUGIN_SGV_10US" />
					<Add option="-DPRE_RELEASE_BUILD" />
				</Compiler>
				<Linker>
					<Add option="-m32" />
					<Add library="plugin_d" />
					<Add directory="$(PLUGIN_SDK_DIR)/output/mingw/lib/" />
					<Add directory="libsm64/bin/Debug" />
				</Linker>
				<ExtraCommands>
					<Add after='cmd /c copy /Y libsm64\bin\Debug\libsm64.dll &quot;$(GTA_SA_DIR)\scripts\&quot;' />
				</ExtraCommands>
			</Target>
			<Target title="GTASA Pre-release">
				<Option output='&quot;$(GTA_SA_DIR)&quot;/scripts/sm64_san_andreas.SA.asi' prefix_auto="0" extension_auto="0" />
				<Option object_output=".obj/Release" />
				<Option type="3" />
				<Option compiler="gcc" />
				<Compiler>
					<Add option="-std=gnu++17" />
					<Add option="-m32" />
					<Add option="-fpermissive" />
					<Add option="-DNDEBUG" />
					<Add option="-DGTASA" />
					<Add option='-DGTAGAME_NAME=&quot;\&quot;San Andreas&quot;\&quot;' />
					<Add option='-DGTAGAME_ABBR=&quot;\&quot;SA&quot;\&quot;' />
					<Add option='-DGTAGAME_ABBRLOW=&quot;\&quot;sa&quot;\&quot;' />
					<Add option='-DGTAGAME_PROTAGONISTNAME=&quot;\&quot;CJ&quot;\&quot;' />
					<Add option='-DGTAGAME_CITYNAME=&quot;\&quot;San Andreas&quot;\&quot;' />
					<Add option="-D_DX9_SDK_INSTALLED" />
					<Add option="-DPLUGIN_SGV_10US" />
					<Add option="-DPRE_RELEASE_BUILD" />
				</Compiler>
				<Linker>
					<Add option="-s" />
					<Add option="-m32" />
					<Add library="plugin" />
					<Add directory="$(PLUGIN_SDK_DIR)/output/mingw/lib/" />
					<Add directory="libsm64/bin/Release" />
				</Linker>
				<ExtraCommands>
					<Add after='cmd /c copy /Y libsm64\bin\Release\libsm64.dll &quot;$(GTA_SA_DIR)\scripts\&quot;' />
				</ExtraCommands>
			</Target>
			<Target title="GTASA Release">
				<Option output='&quot;$(GTA_SA_DIR)&quot;/scripts/sm64_san_andreas.SA.asi' prefix_auto="0" extension_auto="0" />
				<Option object_output=".obj/Release" />
				<Option type="3" />
				<Option compiler="gcc" />
				<Compiler>
					<Add option="-std=gnu++17" />
					<Add option="-m32" />
					<Add option="-fpermissive" />
					<Add option="-DNDEBUG" />
					<Add option="-DGTASA" />
					<Add option='-DGTAGAME_NAME=&quot;\&quot;San Andreas&quot;\&quot;' />
					<Add option='-DGTAGAME_ABBR=&quot;\&quot;SA&quot;\&quot;' />
					<Add option='-DGTAGAME_ABBRLOW=&quot;\&quot;sa&quot;\&quot;' />
					<Add option='-DGTAGAME_PROTAGONISTNAME=&quot;\&quot;CJ&quot;\&quot;' />
					<Add option='-DGTAGAME_CITYNAME=&quot;\&quot;San Andreas&quot;\&quot;' />
					<Add option="-D_DX9_SDK_INSTALLED" />
					<Add option="-DPLUGIN_SGV_10US" />
				</Compiler>
				<Linker>
					<Add option="-s" />
					<Add option="-m32" />
					<Add library="plugin" />
					<Add directory="$(PLUGIN_SDK_DIR)/output/mingw/lib/" />
					<Add directory="libsm64/bin/Release" />
				</Linker>
				<ExtraCommands>
					<Add after='cmd /c copy /Y libsm64\bin\Release\libsm64.dll &quot;$(GTA_SA_DIR)\scripts\&quot;' />
				</ExtraCommands>
			</Target>
		</Build>
		<Compiler>
			<Add option="-fPIC" />
			<Add directory="$(PLUGIN_SDK_DIR)/plugin_sa/" />
			<Add directory="$(PLUGIN_SDK_DIR)/plugin_sa/game_sa/" />
			<Add directory="$(PLUGIN_SDK_DIR)/shared/" />
			<Add directory="$(PLUGIN_SDK_DIR)/shared/game/" />
			<Add directory="libsm64/src" />
			<Add directory="SDL2/include" />
		</Compiler>
		<Linker>
			<Add option="-static-libstdc++" />
			<Add option="-static-libgcc" />
			<Add library="SDL2" />
			<Add library="sm64" />
			<Add library="ole32" />
			<Add directory="SDL2/lib" />
		</Linker>
		<ExtraCommands>
			<Add after='cmd /c copy /Y SDL2\bin\SDL2.dll &quot;$(GTA_SA_DIR)\scripts\&quot;' />
			<Add after='cmd /c copy /Y &quot;$(TARGET_COMPILER_DIR)bin\libwinpthread-1.dll&quot; &quot;$(GTA_SA_DIR)\scripts\&quot;' />
			<Add after='cmd /c copy /Y &quot;$(TARGET_COMPILER_DIR)bin\libgcc_s_dw2-1.dll&quot; &quot;$(GTA_SA_DIR)\scripts\&quot;' />
		</ExtraCommands>
		<Unit filename="CTaskComplexGoPickUpEntity.h" />
		<Unit filename="CTaskComplexSequence2.h" />
		<Unit filename="CTaskComplexUseSequence.h" />
		<Unit filename="CTaskSimpleHoldEntity2.h" />
		<Unit filename="TinySHA1.hpp" />
		<Unit filename="audio.cpp" />
		<Unit filename="audio.h" />
		<Unit filename="audioApis/audio_sdl2.cpp" />
		<Unit filename="audioApis/audio_sdl2.h" />
		<Unit filename="audioApis/audio_wasapi.cpp" />
		<Unit filename="audioApis/audio_wasapi.h" />
		<Unit filename="config.cpp" />
		<Unit filename="config.h" />
		<Unit filename="d3d9_funcs.cpp" />
		<Unit filename="d3d9_funcs.h" />
		<Unit filename="main.cpp" />
		<Unit filename="main.h" />
		<Unit filename="mario.cpp" />
		<Unit filename="mario.h" />
		<Unit filename="mario_cj_anims.cpp" />
		<Unit filename="mario_cj_anims.h" />
		<Unit filename="mario_custom_anims.cpp" />
		<Unit filename="mario_custom_anims.h" />
		<Unit filename="mario_ped_tasks.cpp" />
		<Unit filename="mario_ped_tasks.h" />
		<Unit filename="mario_render.cpp" />
		<Unit filename="mario_render.h" />
		<Unit filename="mario_shadow.raw.h" />
		<Unit filename="raw/anim_car_locked.raw.h" />
		<Unit filename="raw/anim_climb_cj.raw.h" />
		<Unit filename="raw/anim_close_car_door_left.raw.h" />
		<Unit filename="raw/anim_close_car_door_right.raw.h" />
		<Unit filename="raw/anim_crib_use_switch.raw.h" />
		<Unit filename="raw/anim_dance_bad.raw.h" />
		<Unit filename="raw/anim_dance_good.raw.h" />
		<Unit filename="raw/anim_dance_loop.raw.h" />
		<Unit filename="raw/anim_eat.raw.h" />
		<Unit filename="raw/anim_facepalm.raw.h" />
		<Unit filename="raw/anim_gunheavy_aim.raw.h" />
		<Unit filename="raw/anim_gunheavy_aim_walk.raw.h" />
		<Unit filename="raw/anim_gunheavy_idle.raw.h" />
		<Unit filename="raw/anim_gunheavy_idle_alt.raw.h" />
		<Unit filename="raw/anim_gunheavy_run.raw.h" />
		<Unit filename="raw/anim_gunheavy_skid_start.raw.h" />
		<Unit filename="raw/anim_gunheavy_skid_stop.raw.h" />
		<Unit filename="raw/anim_gunheavy_skid_turn.raw.h" />
		<Unit filename="raw/anim_gunheavy_tiptoe.raw.h" />
		<Unit filename="raw/anim_gunheavy_walk.raw.h" />
		<Unit filename="raw/anim_gunheavy_walk_start.raw.h" />
		<Unit filename="raw/anim_gunlight_aim.raw.h" />
		<Unit filename="raw/anim_gunlight_aim_walk.raw.h" />
		<Unit filename="raw/anim_gunpoint.raw.h" />
		<Unit filename="raw/anim_gunpoint_run.raw.h" />
		<Unit filename="raw/anim_gunpoint_skid.raw.h" />
		<Unit filename="raw/anim_gunpoint_skid_stop.raw.h" />
		<Unit filename="raw/anim_gunpoint_skid_turn.raw.h" />
		<Unit filename="raw/anim_gunpoint_tiptoe.raw.h" />
		<Unit filename="raw/anim_gunpoint_walk.raw.h" />
		<Unit filename="raw/anim_gunpoint_walk_start.raw.h" />
		<Unit filename="raw/anim_gunside_idle.raw.h" />
		<Unit filename="raw/anim_gunside_idle_alt.raw.h" />
		<Unit filename="raw/anim_gunside_run.raw.h" />
		<Unit filename="raw/anim_gunside_skid_start.raw.h" />
		<Unit filename="raw/anim_gunside_skid_stop.raw.h" />
		<Unit filename="raw/anim_gunside_skid_turn.raw.h" />
		<Unit filename="raw/anim_gunside_tiptoe.raw.h" />
		<Unit filename="raw/anim_gunside_walk.raw.h" />
		<Unit filename="raw/anim_gunside_walk_start.raw.h" />
		<Unit filename="raw/anim_heavygun_idle.raw.h" />
		<Unit filename="raw/anim_heavygun_idle2.raw.h" />
		<Unit filename="raw/anim_heavygun_idle3.raw.h" />
		<Unit filename="raw/anim_laugh01.raw.h" />
		<Unit filename="raw/anim_pickup_slow.raw.h" />
		<Unit filename="raw/anim_putdown_slow.raw.h" />
		<Unit filename="raw/anim_rifle_aim.raw.h" />
		<Unit filename="raw/anim_rifle_aim_walk.raw.h" />
		<Unit filename="raw/anim_rpg_idle.raw.h" />
		<Unit filename="raw/anim_rpg_idle_alt.raw.h" />
		<Unit filename="raw/anim_rpg_run.raw.h" />
		<Unit filename="raw/anim_rpg_skid_start.raw.h" />
		<Unit filename="raw/anim_rpg_skid_stop.raw.h" />
		<Unit filename="raw/anim_rpg_skid_turn.raw.h" />
		<Unit filename="raw/anim_rpg_tiptoe.raw.h" />
		<Unit filename="raw/anim_rpg_walk.raw.h" />
		<Unit filename="raw/anim_rpg_walk_start.raw.h" />
		<Unit filename="raw/anim_stomp_belly.raw.h" />
		<Unit filename="raw/anim_test.raw.h" />
		<Unit filename="raw/anim_vending_machine.raw.h" />
		<Unit filename="raw/anim_vomit.raw.h" />
		<Extensions>
			<lib_finder disable_auto="1" />
		</Extensions>
	</Project>
</CodeBlocks_project_file>
